// !$*UTF8*$!
{
	archiveVersion = 1;
	classes = {
	};
	objectVersion = 60;
	objects = {

/* Begin PBXBuildFile section */
		0A1000012C00000000000001 /* PersonalEyesApp.swift in Sources */ = {isa = PBXBuildFile; fileRef = 0A1000112C00000000000001 /* PersonalEyesApp.swift */; };
		0A1000022C00000000000001 /* ContentView.swift in Sources */ = {isa = PBXBuildFile; fileRef = 0A1000122C00000000000001 /* ContentView.swift */; };
		0A1000032C00000000000001 /* AnalysisPreferences.swift in Sources */ = {isa = PBXBuildFile; fileRef = 0A1000132C00000000000001 /* AnalysisPreferences.swift */; };
		0A1000042C00000000000001 /* ImageAnalysisResult.swift in Sources */ = {isa = PBXBuildFile; fileRef = 0A1000142C00000000000001 /* ImageAnalysisResult.swift */; };
		0A1000052C00000000000001 /* ImageAnalysisService.swift in Sources */ = {isa = PBXBuildFile; fileRef = 0A1000152C00000000000001 /* ImageAnalysisService.swift */; };
		0A1000062C00000000000001 /* SpeechAnnouncer.swift in Sources */ = {isa = PBXBuildFile; fileRef = 0A1000162C00000000000001 /* SpeechAnnouncer.swift */; };
		0A1000072C00000000000001 /* CameraPreviewView.swift in Sources */ = {isa = PBXBuildFile; fileRef = 0A1000172C00000000000001 /* CameraPreviewView.swift */; };
		0A1000082C00000000000001 /* Components.swift in Sources */ = {isa = PBXBuildFile; fileRef = 0A1000182C00000000000001 /* Components.swift */; };
		0A1000092C00000000000001 /* CameraController.swift in Sources */ = {isa = PBXBuildFile; fileRef = 0A1000192C00000000000001 /* CameraController.swift */; };
		0A10000A2C00000000000001 /* CenteringDetector.swift in Sources */ = {isa = PBXBuildFile; fileRef = 0A10001A2C00000000000002 /* CenteringDetector.swift */; };
		0A10000B2C00000000000001 /* BeepEngine.swift in Sources */ = {isa = PBXBuildFile; fileRef = 0A10001B2C00000000000001 /* BeepEngine.swift */; };
		0A10000C2C00000000000001 /* AISummarizer.swift in Sources */ = {isa = PBXBuildFile; fileRef = 0A10001C2C00000000000001 /* AISummarizer.swift */; };
		0A10000D2C00000000000001 /* CameraOverlayViews.swift in Sources */ = {isa = PBXBuildFile; fileRef = 0A10001D2C00000000000001 /* CameraOverlayViews.swift */; };
		0A10000E2C00000000000001 /* Assets.xcassets in Resources */ = {isa = PBXBuildFile; fileRef = 0A10001E2C00000000000001 /* Assets.xcassets */; };
		0A1100012C00000000000001 /* CustomPrompt.swift in Sources */ = {isa = PBXBuildFile; fileRef = 0A1100022C00000000000001 /* CustomPrompt.swift */; };
		0A1100032C00000000000001 /* TutorialView.swift in Sources */ = {isa = PBXBuildFile; fileRef = 0A1100042C00000000000001 /* TutorialView.swift */; };
		0A1100052C00000000000001 /* AimingGuidance.swift in Sources */ = {isa = PBXBuildFile; fileRef = 0A1100062C00000000000001 /* AimingGuidance.swift */; };
		0A1100072C00000000000001 /* ObjectBoxDetector.swift in Sources */ = {isa = PBXBuildFile; fileRef = 0A1100082C00000000000001 /* ObjectBoxDetector.swift */; };
/* End PBXBuildFile section */

/* Begin PBXFileReference section */
		0A1000102C00000000000001 /* Personal Eyes.app */ = {isa = PBXFileReference; explicitFileType = wrapper.application; includeInIndex = 0; path = "Personal Eyes.app"; sourceTree = BUILT_PRODUCTS_DIR; };
		0A1000112C00000000000001 /* PersonalEyesApp.swift */ = {isa = PBXFileReference; lastKnownFileType = sourcecode.swift; path = PersonalEyesApp.swift; sourceTree = "<group>"; };
		0A1000122C00000000000001 /* ContentView.swift */ = {isa = PBXFileReference; lastKnownFileType = sourcecode.swift; path = ContentView.swift; sourceTree = "<group>"; };
		0A1000132C00000000000001 /* AnalysisPreferences.swift */ = {isa = PBXFileReference; lastKnownFileType = sourcecode.swift; path = AnalysisPreferences.swift; sourceTree = "<group>"; };
		0A1000142C00000000000001 /* ImageAnalysisResult.swift */ = {isa = PBXFileReference; lastKnownFileType = sourcecode.swift; path = ImageAnalysisResult.swift; sourceTree = "<group>"; };
		0A1000152C00000000000001 /* ImageAnalysisService.swift */ = {isa = PBXFileReference; lastKnownFileType = sourcecode.swift; path = ImageAnalysisService.swift; sourceTree = "<group>"; };
		0A1000162C00000000000001 /* SpeechAnnouncer.swift */ = {isa = PBXFileReference; lastKnownFileType = sourcecode.swift; path = SpeechAnnouncer.swift; sourceTree = "<group>"; };
		0A1000172C00000000000001 /* CameraPreviewView.swift */ = {isa = PBXFileReference; lastKnownFileType = sourcecode.swift; path = CameraPreviewView.swift; sourceTree = "<group>"; };
		0A1000182C00000000000001 /* Components.swift */ = {isa = PBXFileReference; lastKnownFileType = sourcecode.swift; path = Components.swift; sourceTree = "<group>"; };
		0A1000192C00000000000001 /* CameraController.swift */ = {isa = PBXFileReference; lastKnownFileType = sourcecode.swift; path = CameraController.swift; sourceTree = "<group>"; };
		0A10001A2C00000000000002 /* CenteringDetector.swift */ = {isa = PBXFileReference; lastKnownFileType = sourcecode.swift; path = CenteringDetector.swift; sourceTree = "<group>"; };
		0A10001B2C00000000000001 /* BeepEngine.swift */ = {isa = PBXFileReference; lastKnownFileType = sourcecode.swift; path = BeepEngine.swift; sourceTree = "<group>"; };
		0A10001C2C00000000000001 /* AISummarizer.swift */ = {isa = PBXFileReference; lastKnownFileType = sourcecode.swift; path = AISummarizer.swift; sourceTree = "<group>"; };
		0A10001D2C00000000000001 /* CameraOverlayViews.swift */ = {isa = PBXFileReference; lastKnownFileType = sourcecode.swift; path = CameraOverlayViews.swift; sourceTree = "<group>"; };
		0A10001E2C00000000000001 /* Assets.xcassets */ = {isa = PBXFileReference; lastKnownFileType = folder.assetcatalog; path = Assets.xcassets; sourceTree = "<group>"; };
		0A10001F2C00000000000001 /* Info.plist */ = {isa = PBXFileReference; lastKnownFileType = text.plist.xml; path = Info.plist; sourceTree = "<group>"; };
		0A1100022C00000000000001 /* CustomPrompt.swift */ = {isa = PBXFileReference; lastKnownFileType = sourcecode.swift; path = CustomPrompt.swift; sourceTree = "<group>"; };
		0A1100042C00000000000001 /* TutorialView.swift */ = {isa = PBXFileReference; lastKnownFileType = sourcecode.swift; path = TutorialView.swift; sourceTree = "<group>"; };
		0A1100062C00000000000001 /* AimingGuidance.swift */ = {isa = PBXFileReference; lastKnownFileType = sourcecode.swift; path = AimingGuidance.swift; sourceTree = "<group>"; };
		0A1100082C00000000000001 /* ObjectBoxDetector.swift */ = {isa = PBXFileReference; lastKnownFileType = sourcecode.swift; path = ObjectBoxDetector.swift; sourceTree = "<group>"; };
/* End PBXFileReference section */

/* Begin PBXFrameworksBuildPhase section */
		0A1000202C00000000000001 /* Frameworks */ = {
			isa = PBXFrameworksBuildPhase;
			buildActionMask = 2147483647;
			files = (
			);
			runOnlyForDeploymentPostprocessing = 0;
		};
/* End PBXFrameworksBuildPhase section */

/* Begin PBXGroup section */
		0A1000302C00000000000001 = {
			isa = PBXGroup;
			children = (
				0A1000312C00000000000001 /* PersonalEyes */,
				0A1000322C00000000000001 /* Products */,
			);
			sourceTree = "<group>";
		};
		0A1000312C00000000000001 /* PersonalEyes */ = {
			isa = PBXGroup;
			children = (
				0A1000112C00000000000001 /* PersonalEyesApp.swift */,
				0A1000122C00000000000001 /* ContentView.swift */,
				0A1000332C00000000000001 /* Models */,
				0A1000342C00000000000001 /* Services */,
				0A1000352C00000000000001 /* Views */,
				0A10001E2C00000000000001 /* Assets.xcassets */,
				0A10001F2C00000000000001 /* Info.plist */,
			);
			path = PersonalEyes;
			sourceTree = "<group>";
		};
		0A1000322C00000000000001 /* Products */ = {
			isa = PBXGroup;
			children = (
				0A1000102C00000000000001 /* Personal Eyes.app */,
			);
			name = Products;
			sourceTree = "<group>";
		};
		0A1000332C00000000000001 /* Models */ = {
			isa = PBXGroup;
			children = (
				0A1000132C00000000000001 /* AnalysisPreferences.swift */,
				0A1000142C00000000000001 /* ImageAnalysisResult.swift */,
				0A1100022C00000000000001 /* CustomPrompt.swift */,
			);
			path = Models;
			sourceTree = "<group>";
		};
		0A1000342C00000000000001 /* Services */ = {
			isa = PBXGroup;
			children = (
				0A1000152C00000000000001 /* ImageAnalysisService.swift */,
				0A1000162C00000000000001 /* SpeechAnnouncer.swift */,
				0A1000192C00000000000001 /* CameraController.swift */,
				0A10001A2C00000000000002 /* CenteringDetector.swift */,
				0A10001B2C00000000000001 /* BeepEngine.swift */,
				0A10001C2C00000000000001 /* AISummarizer.swift */,
				0A1100062C00000000000001 /* AimingGuidance.swift */,
				0A1100082C00000000000001 /* ObjectBoxDetector.swift */,
			);
			path = Services;
			sourceTree = "<group>";
		};
		0A1000352C00000000000001 /* Views */ = {
			isa = PBXGroup;
			children = (
				0A1000172C00000000000001 /* CameraPreviewView.swift */,
				0A1000182C00000000000001 /* Components.swift */,
				0A10001D2C00000000000001 /* CameraOverlayViews.swift */,
				0A1100042C00000000000001 /* TutorialView.swift */,
			);
			path = Views;
			sourceTree = "<group>";
		};
/* End PBXGroup section */

/* Begin PBXNativeTarget section */
		0A1000402C00000000000001 /* Personal Eyes */ = {
			isa = PBXNativeTarget;
			buildConfigurationList = 0A1000802C00000000000001 /* Build configuration list for PBXNativeTarget "Personal Eyes" */;
			buildPhases = (
				0A1000502C00000000000001 /* Sources */,
				0A1000202C00000000000001 /* Frameworks */,
				0A1000602C00000000000001 /* Resources */,
			);
			buildRules = (
			);
			dependencies = (
			);
			name = "Personal Eyes";
			productName = "Personal Eyes";
			productReference = 0A1000102C00000000000001 /* Personal Eyes.app */;
			productType = "com.apple.product-type.application";
		};
/* End PBXNativeTarget section */

/* Begin PBXProject section */
		0A1000412C00000000000001 /* Project object */ = {
			isa = PBXProject;
			attributes = {
				BuildIndependentTargetsInParallel = 1;
				LastSwiftUpdateCheck = 1600;
				LastUpgradeCheck = 2630;
				TargetAttributes = {
					0A1000402C00000000000001 = {
						CreatedOnToolsVersion = 16.0;
					};
				};
			};
			buildConfigurationList = 0A1000702C00000000000001 /* Build configuration list for PBXProject "PersonalEyes" */;
			compatibilityVersion = "Xcode 15.0";
			developmentRegion = en;
			hasScannedForEncodings = 0;
			knownRegions = (
				en,
				Base,
			);
			mainGroup = 0A1000302C00000000000001;
			productRefGroup = 0A1000322C00000000000001 /* Products */;
			projectDirPath = "";
			projectRoot = "";
			targets = (
				0A1000402C00000000000001 /* Personal Eyes */,
			);
		};
/* End PBXProject section */

/* Begin PBXResourcesBuildPhase section */
		0A1000602C00000000000001 /* Resources */ = {
			isa = PBXResourcesBuildPhase;
			buildActionMask = 2147483647;
			files = (
				0A10000E2C00000000000001 /* Assets.xcassets in Resources */,
			);
			runOnlyForDeploymentPostprocessing = 0;
		};
/* End PBXResourcesBuildPhase section */

/* Begin PBXSourcesBuildPhase section */
		0A1000502C00000000000001 /* Sources */ = {
			isa = PBXSourcesBuildPhase;
			buildActionMask = 2147483647;
			files = (
				0A1000012C00000000000001 /* PersonalEyesApp.swift in Sources */,
				0A1000022C00000000000001 /* ContentView.swift in Sources */,
				0A1000032C00000000000001 /* AnalysisPreferences.swift in Sources */,
				0A1000042C00000000000001 /* ImageAnalysisResult.swift in Sources */,
				0A1000052C00000000000001 /* ImageAnalysisService.swift in Sources */,
				0A1000062C00000000000001 /* SpeechAnnouncer.swift in Sources */,
				0A1000072C00000000000001 /* CameraPreviewView.swift in Sources */,
				0A1000082C00000000000001 /* Components.swift in Sources */,
				0A1000092C00000000000001 /* CameraController.swift in Sources */,
				0A10000A2C00000000000001 /* CenteringDetector.swift in Sources */,
				0A10000B2C00000000000001 /* BeepEngine.swift in Sources */,
				0A10000C2C00000000000001 /* AISummarizer.swift in Sources */,
				0A10000D2C00000000000001 /* CameraOverlayViews.swift in Sources */,
				0A1100012C00000000000001 /* CustomPrompt.swift in Sources */,
				0A1100032C00000000000001 /* TutorialView.swift in Sources */,
				0A1100052C00000000000001 /* AimingGuidance.swift in Sources */,
				0A1100072C00000000000001 /* ObjectBoxDetector.swift in Sources */,
			);
			runOnlyForDeploymentPostprocessing = 0;
		};
/* End PBXSourcesBuildPhase section */

/* Begin XCBuildConfiguration section */
		0A1000712C00000000000001 /* Debug */ = {
			isa = XCBuildConfiguration;
			buildSettings = {
				ALWAYS_SEARCH_USER_PATHS = NO;
				ASSETCATALOG_COMPILER_GENERATE_SWIFT_ASSET_SYMBOL_EXTENSIONS = YES;
				CLANG_ANALYZER_NONNULL = YES;
				CLANG_ANALYZER_NUMBER_OBJECT_CONVERSION = YES_AGGRESSIVE;
				CLANG_CXX_LANGUAGE_STANDARD = "gnu++20";
				CLANG_ENABLE_MODULES = YES;
				CLANG_ENABLE_OBJC_ARC = YES;
				CLANG_ENABLE_OBJC_WEAK = YES;
				CLANG_WARN_BLOCK_CAPTURE_AUTORELEASING = YES;
				CLANG_WARN_BOOL_CONVERSION = YES;
				CLANG_WARN_COMMA = YES;
				CLANG_WARN_CONSTANT_CONVERSION = YES;
				CLANG_WARN_DEPRECATED_OBJC_IMPLEMENTATIONS = YES;
				CLANG_WARN_DIRECT_OBJC_ISA_USAGE = YES_ERROR;
				CLANG_WARN_DOCUMENTATION_COMMENTS = YES;
				CLANG_WARN_EMPTY_BODY = YES;
				CLANG_WARN_ENUM_CONVERSION = YES;
				CLANG_WARN_INFINITE_RECURSION = YES;
				CLANG_WARN_INT_CONVERSION = YES;
				CLANG_WARN_NON_LITERAL_NULL_CONVERSION = YES;
				CLANG_WARN_OBJC_IMPLICIT_RETAIN_SELF = YES;
				CLANG_WARN_OBJC_LITERAL_CONVERSION = YES;
				CLANG_WARN_OBJC_ROOT_CLASS = YES_ERROR;
				CLANG_WARN_QUOTED_INCLUDE_IN_FRAMEWORK_HEADER = YES;
				CLANG_WARN_RANGE_LOOP_ANALYSIS = YES;
				CLANG_WARN_STRICT_PROTOTYPES = YES;
				CLANG_WARN_SUSPICIOUS_MOVE = YES;
				CLANG_WARN_UNGUARDED_AVAILABILITY = YES_AGGRESSIVE;
				CLANG_WARN_UNREACHABLE_CODE = YES;
				CLANG_WARN__DUPLICATE_METHOD_MATCH = YES;
				COPY_PHASE_STRIP = NO;
				DEBUG_INFORMATION_FORMAT = dwarf;
				DEVELOPMENT_TEAM = S48C9F3F58;
				ENABLE_STRICT_OBJC_MSGSEND = YES;
				ENABLE_TESTABILITY = YES;
				ENABLE_USER_SCRIPT_SANDBOXING = YES;
				GCC_C_LANGUAGE_STANDARD = gnu17;
				GCC_DYNAMIC_NO_PIC = NO;
				GCC_NO_COMMON_BLOCKS = YES;
				GCC_OPTIMIZATION_LEVEL = 0;
				GCC_PREPROCESSOR_DEFINITIONS = (
					"DEBUG=1",
					"$(inherited)",
				);
				GCC_WARN_64_TO_32_BIT_CONVERSION = YES;
				GCC_WARN_ABOUT_RETURN_TYPE = YES_ERROR;
				GCC_WARN_UNDECLARED_SELECTOR = YES;
				GCC_WARN_UNINITIALIZED_AUTOS = YES_AGGRESSIVE;
				GCC_WARN_UNUSED_FUNCTION = YES;
				GCC_WARN_UNUSED_VARIABLE = YES;
				IPHONEOS_DEPLOYMENT_TARGET = 17.0;
				MTL_ENABLE_DEBUG_INFO = INCLUDE_SOURCE;
				MTL_FAST_MATH = YES;
				ONLY_ACTIVE_ARCH = YES;
				SDKROOT = iphoneos;
				STRING_CATALOG_GENERATE_SYMBOLS = YES;
				SWIFT_ACTIVE_COMPILATION_CONDITIONS = DEBUG;
				SWIFT_OPTIMIZATION_LEVEL = "-Onone";
			};
			name = Debug;
		};
		0A1000722C00000000000001 /* Release */ = {
			isa = XCBuildConfiguration;
			buildSettings = {
				ALWAYS_SEARCH_USER_PATHS = NO;
				ASSETCATALOG_COMPILER_GENERATE_SWIFT_ASSET_SYMBOL_EXTENSIONS = YES;
				CLANG_ANALYZER_NONNULL = YES;
				CLANG_ANALYZER_NUMBER_OBJECT_CONVERSION = YES_AGGRESSIVE;
				CLANG_CXX_LANGUAGE_STANDARD = "gnu++20";
				CLANG_ENABLE_MODULES = YES;
				CLANG_ENABLE_OBJC_ARC = YES;
				CLANG_ENABLE_OBJC_WEAK = YES;
				CLANG_WARN_BLOCK_CAPTURE_AUTORELEASING = YES;
				CLANG_WARN_BOOL_CONVERSION = YES;
				CLANG_WARN_COMMA = YES;
				CLANG_WARN_CONSTANT_CONVERSION = YES;
				CLANG_WARN_DEPRECATED_OBJC_IMPLEMENTATIONS = YES;
				CLANG_WARN_DIRECT_OBJC_ISA_USAGE = YES_ERROR;
				CLANG_WARN_DOCUMENTATION_COMMENTS = YES;
				CLANG_WARN_EMPTY_BODY = YES;
				CLANG_WARN_ENUM_CONVERSION = YES;
				CLANG_WARN_INFINITE_RECURSION = YES;
				CLANG_WARN_INT_CONVERSION = YES;
				CLANG_WARN_NON_LITERAL_NULL_CONVERSION = YES;
				CLANG_WARN_OBJC_IMPLICIT_RETAIN_SELF = YES;
				CLANG_WARN_OBJC_LITERAL_CONVERSION = YES;
				CLANG_WARN_OBJC_ROOT_CLASS = YES_ERROR;
				CLANG_WARN_QUOTED_INCLUDE_IN_FRAMEWORK_HEADER = YES;
				CLANG_WARN_RANGE_LOOP_ANALYSIS = YES;
				CLANG_WARN_STRICT_PROTOTYPES = YES;
				CLANG_WARN_SUSPICIOUS_MOVE = YES;
				CLANG_WARN_UNGUARDED_AVAILABILITY = YES_AGGRESSIVE;
				CLANG_WARN_UNREACHABLE_CODE = YES;
				CLANG_WARN__DUPLICATE_METHOD_MATCH = YES;
				COPY_PHASE_STRIP = NO;
				DEBUG_INFORMATION_FORMAT = "dwarf-with-dsym";
				DEVELOPMENT_TEAM = S48C9F3F58;
				ENABLE_NS_ASSERTIONS = NO;
				ENABLE_STRICT_OBJC_MSGSEND = YES;
				ENABLE_USER_SCRIPT_SANDBOXING = YES;
				GCC_C_LANGUAGE_STANDARD = gnu17;
				GCC_NO_COMMON_BLOCKS = YES;
				GCC_WARN_64_TO_32_BIT_CONVERSION = YES;
				GCC_WARN_ABOUT_RETURN_TYPE = YES_ERROR;
				GCC_WARN_UNDECLARED_SELECTOR = YES;
				GCC_WARN_UNINITIALIZED_AUTOS = YES_AGGRESSIVE;
				GCC_WARN_UNUSED_FUNCTION = YES;
				GCC_WARN_UNUSED_VARIABLE = YES;
				IPHONEOS_DEPLOYMENT_TARGET = 17.0;
				MTL_ENABLE_DEBUG_INFO = NO;
				MTL_FAST_MATH = YES;
				SDKROOT = iphoneos;
				STRING_CATALOG_GENERATE_SYMBOLS = YES;
				SWIFT_COMPILATION_MODE = wholemodule;
				VALIDATE_PRODUCT = YES;
			};
			name = Release;
		};
		0A1000812C00000000000001 /* Debug */ = {
			isa = XCBuildConfiguration;
			buildSettings = {
				ASSETCATALOG_COMPILER_ACCENT_COLOR_NAME = AccentColor;
				ASSETCATALOG_COMPILER_APPICON_NAME = AppIcon;
				CODE_SIGN_IDENTITY = "Apple Development";
				CODE_SIGN_STYLE = Automatic;
				CURRENT_PROJECT_VERSION = 1;
				DEVELOPMENT_ASSET_PATHS = "";
				DEVELOPMENT_TEAM = S48C9F3F58;
				GENERATE_INFOPLIST_FILE = NO;
				INFOPLIST_FILE = PersonalEyes/Info.plist;
				IPHONEOS_DEPLOYMENT_TARGET = 17.0;
				LD_RUNPATH_SEARCH_PATHS = (
					"$(inherited)",
					"@executable_path/Frameworks",
				);
				MARKETING_VERSION = 1.0;
				PRODUCT_BUNDLE_IDENTIFIER = com.camoulabs.PersonalEyes;
				PRODUCT_NAME = "$(TARGET_NAME)";
				PROVISIONING_PROFILE_SPECIFIER = "";
				SUPPORTED_PLATFORMS = "iphoneos iphonesimulator";
				SUPPORTS_MACCATALYST = NO;
				SWIFT_EMIT_LOC_STRINGS = YES;
				SWIFT_VERSION = 5.0;
				TARGETED_DEVICE_FAMILY = "1,2";
			};
			name = Debug;
		};
		0A1000822C00000000000001 /* Release */ = {
			isa = XCBuildConfiguration;
			buildSettings = {
				ASSETCATALOG_COMPILER_ACCENT_COLOR_NAME = AccentColor;
				ASSETCATALOG_COMPILER_APPICON_NAME = AppIcon;
				CODE_SIGN_IDENTITY = "Apple Development";
				CODE_SIGN_STYLE = Automatic;
				CURRENT_PROJECT_VERSION = 1;
				DEVELOPMENT_ASSET_PATHS = "";
				DEVELOPMENT_TEAM = S48C9F3F58;
				GENERATE_INFOPLIST_FILE = NO;
				INFOPLIST_FILE = PersonalEyes/Info.plist;
				IPHONEOS_DEPLOYMENT_TARGET = 17.0;
				LD_RUNPATH_SEARCH_PATHS = (
					"$(inherited)",
					"@executable_path/Frameworks",
				);
				MARKETING_VERSION = 1.0;
				PRODUCT_BUNDLE_IDENTIFIER = com.camoulabs.PersonalEyes;
				PRODUCT_NAME = "$(TARGET_NAME)";
				PROVISIONING_PROFILE_SPECIFIER = "";
				SUPPORTED_PLATFORMS = "iphoneos iphonesimulator";
				SUPPORTS_MACCATALYST = NO;
				SWIFT_EMIT_LOC_STRINGS = YES;
				SWIFT_VERSION = 5.0;
				TARGETED_DEVICE_FAMILY = "1,2";
			};
			name = Release;
		};
/* End XCBuildConfiguration section */

/* Begin XCConfigurationList section */
		0A1000702C00000000000001 /* Build configuration list for PBXProject "PersonalEyes" */ = {
			isa = XCConfigurationList;
			buildConfigurations = (
				0A1000712C00000000000001 /* Debug */,
				0A1000722C00000000000001 /* Release */,
			);
			defaultConfigurationIsVisible = 0;
			defaultConfigurationName = Release;
		};
		0A1000802C00000000000001 /* Build configuration list for PBXNativeTarget "Personal Eyes" */ = {
			isa = XCConfigurationList;
			buildConfigurations = (
				0A1000812C00000000000001 /* Debug */,
				0A1000822C00000000000001 /* Release */,
			);
			defaultConfigurationIsVisible = 0;
			defaultConfigurationName = Release;
		};
/* End XCConfigurationList section */
	};
	rootObject = 0A1000412C00000000000001 /* Project object */;
}
